
Microsoft Visual Studio Solution File, Format Version 12.00
# Visual Studio 14
VisualStudioVersion = 14.0.25420.1
MinimumVisualStudioVersion = 10.0.40219.1
Project("{2150E333-8FDC-42A3-9474-1A3956D46DE8}") = "01 - Presentation", "01 - Presentation", "{DA41B154-80B2-4166-B149-F35371663056}"
EndProject
Project("{2150E333-8FDC-42A3-9474-1A3956D46DE8}") = "02 - Services", "02 - Services", "{12D04455-AD02-417C-AD92-0D472794FFC2}"
EndProject
Project("{2150E333-8FDC-42A3-9474-1A3956D46DE8}") = "03 - Domain", "03 - Domain", "{1D65DA4A-2A9F-4AF7-868F-A98E4B9EE649}"
EndProject
Project("{2150E333-8FDC-42A3-9474-1A3956D46DE8}") = "04 - Models", "04 - Models", "{890DDE26-6273-4B61-8E59-7D7E2103DE6A}"
EndProject
Project("{2150E333-8FDC-42A3-9474-1A3956D46DE8}") = "05 - Persistence", "05 - Persistence", "{1C26868A-8B1E-4706-BD67-B68379850AA7}"
EndProject
Project("{2150E333-8FDC-42A3-9474-1A3956D46DE8}") = "07 - Shared", "07 - Shared", "{E4629D11-06CB-4E53-AE1D-1AA4CF1E9050}"
EndProject
Project("{2150E333-8FDC-42A3-9474-1A3956D46DE8}") = "09 - Tests", "09 - Tests", "{1C5F6DCB-F261-4FBF-A2BA-DF90A8908B13}"
EndProject
Project("{FAE04EC0-301F-11D3-BF4B-00C04F79EFBC}") = "Project.Configurations", "Project.Configurations\Project.Configurations.csproj", "{C4D7FBCE-2C55-49C3-8F6D-F76EF32A1BF7}"
EndProject
Project("{FAE04EC0-301F-11D3-BF4B-00C04F79EFBC}") = "Project.Models.Core", "Project.Models.Core\Project.Models.Core.csproj", "{056E585A-1407-4463-9248-01DD179F2B9D}"
EndProject
Project("{FAE04EC0-301F-11D3-BF4B-00C04F79EFBC}") = "Project.Models.Publicacoes", "Project.Models.Publicacoes\Project.Models.Publicacoes.csproj", "{D382A72D-1237-4B20-97A6-1B725FF4D492}"
	ProjectSection(ProjectDependencies) = postProject
		{056E585A-1407-4463-9248-01DD179F2B9D} = {056E585A-1407-4463-9248-01DD179F2B9D}
	EndProjectSection
EndProject
Project("{FAE04EC0-301F-11D3-BF4B-00C04F79EFBC}") = "Project.Models.Universidade", "Project.Models.Universidade\Project.Models.Universidade.csproj", "{B767DBAC-5552-41F2-9802-8C1DBFD9AF5B}"
	ProjectSection(ProjectDependencies) = postProject
		{056E585A-1407-4463-9248-01DD179F2B9D} = {056E585A-1407-4463-9248-01DD179F2B9D}
	EndProjectSection
EndProject
Project("{FAE04EC0-301F-11D3-BF4B-00C04F79EFBC}") = "Project.Persistence.Core", "Project.Persistence.Core\Project.Persistence.Core.csproj", "{B59B8CDB-187A-47DC-8A4E-50FD750FB5D8}"
EndProject
Project("{FAE04EC0-301F-11D3-BF4B-00C04F79EFBC}") = "Project.Persistence.Publicacoes", "Project.Persistence.Publicacoes\Project.Persistence.Publicacoes.csproj", "{83E739A7-9472-45DA-A119-F6B8F4E13AA0}"
EndProject
Project("{FAE04EC0-301F-11D3-BF4B-00C04F79EFBC}") = "Project.Persistence.Universidade", "Project.Persistence.Universidade\Project.Persistence.Universidade.csproj", "{83809653-CE3E-400B-AF98-6C8230BAE012}"
EndProject
Project("{FAE04EC0-301F-11D3-BF4B-00C04F79EFBC}") = "Project.Infrastructure", "Project.Infrastructure\Project.Infrastructure.csproj", "{F720540A-D134-448B-A396-67EBF013432E}"
EndProject
Project("{2150E333-8FDC-42A3-9474-1A3956D46DE8}") = "06 - Infrastructure", "06 - Infrastructure", "{FA7DD032-7F9C-4103-A9D9-E79B5DD1627D}"
EndProject
Project("{FAE04EC0-301F-11D3-BF4B-00C04F79EFBC}") = "Project.Domain.Core", "Project.Domain.Core\Project.Domain.Core.csproj", "{6372AF60-D366-49A7-BA3A-BD67C9DA8CB6}"
EndProject
Project("{FAE04EC0-301F-11D3-BF4B-00C04F79EFBC}") = "Project.Helpers", "Project.Helpers\Project.Helpers.csproj", "{0C0E552C-5335-4889-A44F-D559981359C5}"
EndProject
Project("{FAE04EC0-301F-11D3-BF4B-00C04F79EFBC}") = "Project.Domain.Publicacoes", "Project.Domain.Publicacoes\Project.Domain.Publicacoes.csproj", "{319F1DD7-7F26-4089-A66C-36C52CD24A72}"
EndProject
Project("{FAE04EC0-301F-11D3-BF4B-00C04F79EFBC}") = "Project.Domain.Universidade", "Project.Domain.Universidade\Project.Domain.Universidade.csproj", "{1FD2D893-9AAF-4B10-82CB-A431D036F247}"
EndProject
Project("{FAE04EC0-301F-11D3-BF4B-00C04F79EFBC}") = "Project.API.Base", "Project.API.Base\Project.API.Base.csproj", "{973A2CF9-F377-4372-BC28-E35A4CE3185D}"
EndProject
Project("{2150E333-8FDC-42A3-9474-1A3956D46DE8}") = "Base", "Base", "{8A949527-3E43-4B9D-B814-3E45C941FB01}"
EndProject
Project("{2150E333-8FDC-42A3-9474-1A3956D46DE8}") = "08 - Resources", "08 - Resources", "{5B96E9B0-4986-4CBA-B3FC-5865A0BED379}"
EndProject
Project("{FAE04EC0-301F-11D3-BF4B-00C04F79EFBC}") = "Project.Resources.Core", "Project.Resources.Core\Project.Resources.Core.csproj", "{21250AFA-D6AF-4857-82F7-DB66E18A9B32}"
EndProject
Project("{2150E333-8FDC-42A3-9474-1A3956D46DE8}") = "API", "API", "{5C581F96-8165-467F-9B16-71044162CB8D}"
EndProject
Project("{2150E333-8FDC-42A3-9474-1A3956D46DE8}") = "WCF", "WCF", "{953899FB-3505-4E60-A504-E1E6EBB6F708}"
EndProject
Project("{FAE04EC0-301F-11D3-BF4B-00C04F79EFBC}") = "Project.API.Core", "Project.API.Core\Project.API.Core.csproj", "{A71D6F63-33E0-4FF3-89ED-3B4BABED163F}"
EndProject
Project("{FAE04EC0-301F-11D3-BF4B-00C04F79EFBC}") = "Project.API.Publicacoes", "Project.API.Publicacoes\Project.API.Publicacoes.csproj", "{993F7E17-7A99-4464-A699-7DD0A1CEAB6E}"
EndProject
Project("{FAE04EC0-301F-11D3-BF4B-00C04F79EFBC}") = "Project.API.Universidade", "Project.API.Universidade\Project.API.Universidade.csproj", "{7134D974-4C11-4646-AA8D-0525ABF2DC4C}"
EndProject
Project("{2150E333-8FDC-42A3-9474-1A3956D46DE8}") = "10 - Solution Itens", "10 - Solution Itens", "{B33C45D6-B773-4E4D-A4BB-77770DD01C5D}"
	ProjectSection(SolutionItems) = preProject
		CHANGELOG.md = CHANGELOG.md
	EndProjectSection
EndProject
Project("{2150E333-8FDC-42A3-9474-1A3956D46DE8}") = "Solution Items", "Solution Items", "{A26DF8CD-663B-4ECC-9722-F448458B18CE}"
EndProject
Global
	GlobalSection(SolutionConfigurationPlatforms) = preSolution
		Debug|Any CPU = Debug|Any CPU
		Release|Any CPU = Release|Any CPU
	EndGlobalSection
	GlobalSection(ProjectConfigurationPlatforms) = postSolution
		{C4D7FBCE-2C55-49C3-8F6D-F76EF32A1BF7}.Debug|Any CPU.ActiveCfg = Debug|Any CPU
		{C4D7FBCE-2C55-49C3-8F6D-F76EF32A1BF7}.Debug|Any CPU.Build.0 = Debug|Any CPU
		{C4D7FBCE-2C55-49C3-8F6D-F76EF32A1BF7}.Release|Any CPU.ActiveCfg = Release|Any CPU
		{C4D7FBCE-2C55-49C3-8F6D-F76EF32A1BF7}.Release|Any CPU.Build.0 = Release|Any CPU
		{056E585A-1407-4463-9248-01DD179F2B9D}.Debug|Any CPU.ActiveCfg = Debug|Any CPU
		{056E585A-1407-4463-9248-01DD179F2B9D}.Debug|Any CPU.Build.0 = Debug|Any CPU
		{056E585A-1407-4463-9248-01DD179F2B9D}.Release|Any CPU.ActiveCfg = Release|Any CPU
		{056E585A-1407-4463-9248-01DD179F2B9D}.Release|Any CPU.Build.0 = Release|Any CPU
		{D382A72D-1237-4B20-97A6-1B725FF4D492}.Debug|Any CPU.ActiveCfg = Debug|Any CPU
		{D382A72D-1237-4B20-97A6-1B725FF4D492}.Debug|Any CPU.Build.0 = Debug|Any CPU
		{D382A72D-1237-4B20-97A6-1B725FF4D492}.Release|Any CPU.ActiveCfg = Release|Any CPU
		{D382A72D-1237-4B20-97A6-1B725FF4D492}.Release|Any CPU.Build.0 = Release|Any CPU
		{B767DBAC-5552-41F2-9802-8C1DBFD9AF5B}.Debug|Any CPU.ActiveCfg = Debug|Any CPU
		{B767DBAC-5552-41F2-9802-8C1DBFD9AF5B}.Debug|Any CPU.Build.0 = Debug|Any CPU
		{B767DBAC-5552-41F2-9802-8C1DBFD9AF5B}.Release|Any CPU.ActiveCfg = Release|Any CPU
		{B767DBAC-5552-41F2-9802-8C1DBFD9AF5B}.Release|Any CPU.Build.0 = Release|Any CPU
		{B59B8CDB-187A-47DC-8A4E-50FD750FB5D8}.Debug|Any CPU.ActiveCfg = Debug|Any CPU
		{B59B8CDB-187A-47DC-8A4E-50FD750FB5D8}.Debug|Any CPU.Build.0 = Debug|Any CPU
		{B59B8CDB-187A-47DC-8A4E-50FD750FB5D8}.Release|Any CPU.ActiveCfg = Release|Any CPU
		{B59B8CDB-187A-47DC-8A4E-50FD750FB5D8}.Release|Any CPU.Build.0 = Release|Any CPU
		{83E739A7-9472-45DA-A119-F6B8F4E13AA0}.Debug|Any CPU.ActiveCfg = Debug|Any CPU
		{83E739A7-9472-45DA-A119-F6B8F4E13AA0}.Debug|Any CPU.Build.0 = Debug|Any CPU
		{83E739A7-9472-45DA-A119-F6B8F4E13AA0}.Release|Any CPU.ActiveCfg = Release|Any CPU
		{83E739A7-9472-45DA-A119-F6B8F4E13AA0}.Release|Any CPU.Build.0 = Release|Any CPU
		{83809653-CE3E-400B-AF98-6C8230BAE012}.Debug|Any CPU.ActiveCfg = Debug|Any CPU
		{83809653-CE3E-400B-AF98-6C8230BAE012}.Debug|Any CPU.Build.0 = Debug|Any CPU
		{83809653-CE3E-400B-AF98-6C8230BAE012}.Release|Any CPU.ActiveCfg = Release|Any CPU
		{83809653-CE3E-400B-AF98-6C8230BAE012}.Release|Any CPU.Build.0 = Release|Any CPU
		{F720540A-D134-448B-A396-67EBF013432E}.Debug|Any CPU.ActiveCfg = Debug|Any CPU
		{F720540A-D134-448B-A396-67EBF013432E}.Debug|Any CPU.Build.0 = Debug|Any CPU
		{F720540A-D134-448B-A396-67EBF013432E}.Release|Any CPU.ActiveCfg = Release|Any CPU
		{F720540A-D134-448B-A396-67EBF013432E}.Release|Any CPU.Build.0 = Release|Any CPU
		{6372AF60-D366-49A7-BA3A-BD67C9DA8CB6}.Debug|Any CPU.ActiveCfg = Debug|Any CPU
		{6372AF60-D366-49A7-BA3A-BD67C9DA8CB6}.Debug|Any CPU.Build.0 = Debug|Any CPU
		{6372AF60-D366-49A7-BA3A-BD67C9DA8CB6}.Release|Any CPU.ActiveCfg = Release|Any CPU
		{6372AF60-D366-49A7-BA3A-BD67C9DA8CB6}.Release|Any CPU.Build.0 = Release|Any CPU
		{0C0E552C-5335-4889-A44F-D559981359C5}.Debug|Any CPU.ActiveCfg = Debug|Any CPU
		{0C0E552C-5335-4889-A44F-D559981359C5}.Debug|Any CPU.Build.0 = Debug|Any CPU
		{0C0E552C-5335-4889-A44F-D559981359C5}.Release|Any CPU.ActiveCfg = Release|Any CPU
		{0C0E552C-5335-4889-A44F-D559981359C5}.Release|Any CPU.Build.0 = Release|Any CPU
		{319F1DD7-7F26-4089-A66C-36C52CD24A72}.Debug|Any CPU.ActiveCfg = Debug|Any CPU
		{319F1DD7-7F26-4089-A66C-36C52CD24A72}.Debug|Any CPU.Build.0 = Debug|Any CPU
		{319F1DD7-7F26-4089-A66C-36C52CD24A72}.Release|Any CPU.ActiveCfg = Release|Any CPU
		{319F1DD7-7F26-4089-A66C-36C52CD24A72}.Release|Any CPU.Build.0 = Release|Any CPU
		{1FD2D893-9AAF-4B10-82CB-A431D036F247}.Debug|Any CPU.ActiveCfg = Debug|Any CPU
		{1FD2D893-9AAF-4B10-82CB-A431D036F247}.Debug|Any CPU.Build.0 = Debug|Any CPU
		{1FD2D893-9AAF-4B10-82CB-A431D036F247}.Release|Any CPU.ActiveCfg = Release|Any CPU
		{1FD2D893-9AAF-4B10-82CB-A431D036F247}.Release|Any CPU.Build.0 = Release|Any CPU
		{973A2CF9-F377-4372-BC28-E35A4CE3185D}.Debug|Any CPU.ActiveCfg = Debug|Any CPU
		{973A2CF9-F377-4372-BC28-E35A4CE3185D}.Debug|Any CPU.Build.0 = Debug|Any CPU
		{973A2CF9-F377-4372-BC28-E35A4CE3185D}.Release|Any CPU.ActiveCfg = Release|Any CPU
		{973A2CF9-F377-4372-BC28-E35A4CE3185D}.Release|Any CPU.Build.0 = Release|Any CPU
		{21250AFA-D6AF-4857-82F7-DB66E18A9B32}.Debug|Any CPU.ActiveCfg = Debug|Any CPU
		{21250AFA-D6AF-4857-82F7-DB66E18A9B32}.Debug|Any CPU.Build.0 = Debug|Any CPU
		{21250AFA-D6AF-4857-82F7-DB66E18A9B32}.Release|Any CPU.ActiveCfg = Release|Any CPU
		{21250AFA-D6AF-4857-82F7-DB66E18A9B32}.Release|Any CPU.Build.0 = Release|Any CPU
		{A71D6F63-33E0-4FF3-89ED-3B4BABED163F}.Debug|Any CPU.ActiveCfg = Debug|Any CPU
		{A71D6F63-33E0-4FF3-89ED-3B4BABED163F}.Debug|Any CPU.Build.0 = Debug|Any CPU
		{A71D6F63-33E0-4FF3-89ED-3B4BABED163F}.Release|Any CPU.ActiveCfg = Release|Any CPU
		{A71D6F63-33E0-4FF3-89ED-3B4BABED163F}.Release|Any CPU.Build.0 = Release|Any CPU
		{993F7E17-7A99-4464-A699-7DD0A1CEAB6E}.Debug|Any CPU.ActiveCfg = Debug|Any CPU
		{993F7E17-7A99-4464-A699-7DD0A1CEAB6E}.Debug|Any CPU.Build.0 = Debug|Any CPU
		{993F7E17-7A99-4464-A699-7DD0A1CEAB6E}.Release|Any CPU.ActiveCfg = Release|Any CPU
		{993F7E17-7A99-4464-A699-7DD0A1CEAB6E}.Release|Any CPU.Build.0 = Release|Any CPU
		{7134D974-4C11-4646-AA8D-0525ABF2DC4C}.Debug|Any CPU.ActiveCfg = Debug|Any CPU
		{7134D974-4C11-4646-AA8D-0525ABF2DC4C}.Debug|Any CPU.Build.0 = Debug|Any CPU
		{7134D974-4C11-4646-AA8D-0525ABF2DC4C}.Release|Any CPU.ActiveCfg = Release|Any CPU
		{7134D974-4C11-4646-AA8D-0525ABF2DC4C}.Release|Any CPU.Build.0 = Release|Any CPU
	EndGlobalSection
	GlobalSection(SolutionProperties) = preSolution
		HideSolutionNode = FALSE
	EndGlobalSection
	GlobalSection(NestedProjects) = preSolution
		{C4D7FBCE-2C55-49C3-8F6D-F76EF32A1BF7} = {E4629D11-06CB-4E53-AE1D-1AA4CF1E9050}
		{056E585A-1407-4463-9248-01DD179F2B9D} = {890DDE26-6273-4B61-8E59-7D7E2103DE6A}
		{D382A72D-1237-4B20-97A6-1B725FF4D492} = {890DDE26-6273-4B61-8E59-7D7E2103DE6A}
		{B767DBAC-5552-41F2-9802-8C1DBFD9AF5B} = {890DDE26-6273-4B61-8E59-7D7E2103DE6A}
		{B59B8CDB-187A-47DC-8A4E-50FD750FB5D8} = {1C26868A-8B1E-4706-BD67-B68379850AA7}
		{83E739A7-9472-45DA-A119-F6B8F4E13AA0} = {1C26868A-8B1E-4706-BD67-B68379850AA7}
		{83809653-CE3E-400B-AF98-6C8230BAE012} = {1C26868A-8B1E-4706-BD67-B68379850AA7}
		{F720540A-D134-448B-A396-67EBF013432E} = {FA7DD032-7F9C-4103-A9D9-E79B5DD1627D}
		{6372AF60-D366-49A7-BA3A-BD67C9DA8CB6} = {1D65DA4A-2A9F-4AF7-868F-A98E4B9EE649}
		{0C0E552C-5335-4889-A44F-D559981359C5} = {E4629D11-06CB-4E53-AE1D-1AA4CF1E9050}
		{319F1DD7-7F26-4089-A66C-36C52CD24A72} = {1D65DA4A-2A9F-4AF7-868F-A98E4B9EE649}
		{1FD2D893-9AAF-4B10-82CB-A431D036F247} = {1D65DA4A-2A9F-4AF7-868F-A98E4B9EE649}
		{973A2CF9-F377-4372-BC28-E35A4CE3185D} = {8A949527-3E43-4B9D-B814-3E45C941FB01}
		{8A949527-3E43-4B9D-B814-3E45C941FB01} = {5C581F96-8165-467F-9B16-71044162CB8D}
		{21250AFA-D6AF-4857-82F7-DB66E18A9B32} = {5B96E9B0-4986-4CBA-B3FC-5865A0BED379}
		{5C581F96-8165-467F-9B16-71044162CB8D} = {12D04455-AD02-417C-AD92-0D472794FFC2}
		{953899FB-3505-4E60-A504-E1E6EBB6F708} = {12D04455-AD02-417C-AD92-0D472794FFC2}
		{A71D6F63-33E0-4FF3-89ED-3B4BABED163F} = {5C581F96-8165-467F-9B16-71044162CB8D}
		{993F7E17-7A99-4464-A699-7DD0A1CEAB6E} = {5C581F96-8165-467F-9B16-71044162CB8D}
		{7134D974-4C11-4646-AA8D-0525ABF2DC4C} = {5C581F96-8165-467F-9B16-71044162CB8D}
	EndGlobalSection
EndGlobal
